
Microsoft Visual Studio Solution File, Format Version 12.00
# Visual Studio Version 16
VisualStudioVersion = 16.0.30907.101
MinimumVisualStudioVersion = 10.0.40219.1
Project("{9A19103F-16F7-4668-BE54-9A1E7A4F7556}") = "AdministratorBot", "AdministratorBot\AdministratorBot.csproj", "{E59C7D06-E1F6-4A14-82AE-B48CA0AF41F1}"
EndProject
Project("{FAE04EC0-301F-11D3-BF4B-00C04F79EFBC}") = "AdministratorBot.Tests", "AdministratorBot.Tests\AdministratorBot.Tests.csproj", "{35822F70-32A9-4CC7-8F47-C0B85E9AF2D3}"
EndProject
Global
	GlobalSection(SolutionConfigurationPlatforms) = preSolution
		Debug|Any CPU = Debug|Any CPU
		Release|Any CPU = Release|Any CPU
	EndGlobalSection
	GlobalSection(ProjectConfigurationPlatforms) = postSolution
		{E59C7D06-E1F6-4A14-82AE-B48CA0AF41F1}.Debug|Any CPU.ActiveCfg = Debug|Any CPU
		{E59C7D06-E1F6-4A14-82AE-B48CA0AF41F1}.Debug|Any CPU.Build.0 = Debug|Any CPU
		{E59C7D06-E1F6-4A14-82AE-B48CA0AF41F1}.Release|Any CPU.ActiveCfg = Release|Any CPU
		{E59C7D06-E1F6-4A14-82AE-B48CA0AF41F1}.Release|Any CPU.Build.0 = Release|Any CPU
		{35822F70-32A9-4CC7-8F47-C0B85E9AF2D3}.Debug|Any CPU.ActiveCfg = Debug|Any CPU
		{35822F70-32A9-4CC7-8F47-C0B85E9AF2D3}.Debug|Any CPU.Build.0 = Debug|Any CPU
		{35822F70-32A9-4CC7-8F47-C0B85E9AF2D3}.Release|Any CPU.ActiveCfg = Release|Any CPU
		{35822F70-32A9-4CC7-8F47-C0B85E9AF2D3}.Release|Any CPU.Build.0 = Release|Any CPU
	EndGlobalSection
	GlobalSection(SolutionProperties) = preSolution
		HideSolutionNode = FALSE
	EndGlobalSection
	GlobalSection(ExtensibilityGlobals) = postSolution
		SolutionGuid = {AD9423D7-F66A-46C0-84A7-5AD53D92C23E}
	EndGlobalSection
EndGlobal
